
Microsoft Visual Studio Solution File, Format Version 12.00
# Visual Studio 15
VisualStudioVersion = 15.0.28307.106
MinimumVisualStudioVersion = 10.0.40219.1
Project("{FAE04EC0-301F-11D3-BF4B-00C04F79EFBC}") = "assignment4", "assignment4\assignment4.csproj", "{20A1812E-CDC1-456D-A0F5-94D3E485C96C}"
EndProject
Global
	GlobalSection(SolutionConfigurationPlatforms) = preSolution
		Debug|Any CPU = Debug|Any CPU
		Release|Any CPU = Release|Any CPU
	EndGlobalSection
	GlobalSection(ProjectConfigurationPlatforms) = postSolution
		{20A1812E-CDC1-456D-A0F5-94D3E485C96C}.Debug|Any CPU.ActiveCfg = Debug|Any CPU
		{20A1812E-CDC1-456D-A0F5-94D3E485C96C}.Debug|Any CPU.Build.0 = Debug|Any CPU
		{20A1812E-CDC1-456D-A0F5-94D3E485C96C}.Release|Any CPU.ActiveCfg = Release|Any CPU
		{20A1812E-CDC1-456D-A0F5-94D3E485C96C}.Release|Any CPU.Build.0 = Release|Any CPU
	EndGlobalSection
	GlobalSection(SolutionProperties) = preSolution
		HideSolutionNode = FALSE
	EndGlobalSection
	GlobalSection(ExtensibilityGlobals) = postSolution
		SolutionGuid = {6681A96D-B2BC-4FAA-AB75-CEA4100E0F68}
	EndGlobalSection
EndGlobal
